
Microsoft Visual Studio Solution File, Format Version 12.00
# Visual Studio Version 17
VisualStudioVersion = 17.11.35219.272
MinimumVisualStudioVersion = 10.0.40219.1
Project("{9A19103F-16F7-4668-BE54-9A1E7A4F7556}") = "RestaurantReviewer", "RestaurantReviewer.csproj", "{1C862EB8-7C75-4D2C-8822-DDFCDD3FED18}"
EndProject
Global
	GlobalSection(SolutionConfigurationPlatforms) = preSolution
		Debug|Any CPU = Debug|Any CPU
		Release|Any CPU = Release|Any CPU
	EndGlobalSection
	GlobalSection(ProjectConfigurationPlatforms) = postSolution
		{1C862EB8-7C75-4D2C-8822-DDFCDD3FED18}.Debug|Any CPU.ActiveCfg = Debug|Any CPU
		{1C862EB8-7C75-4D2C-8822-DDFCDD3FED18}.Debug|Any CPU.Build.0 = Debug|Any CPU
		{1C862EB8-7C75-4D2C-8822-DDFCDD3FED18}.Release|Any CPU.ActiveCfg = Release|Any CPU
		{1C862EB8-7C75-4D2C-8822-DDFCDD3FED18}.Release|Any CPU.Build.0 = Release|Any CPU
	EndGlobalSection
	GlobalSection(SolutionProperties) = preSolution
		HideSolutionNode = FALSE
	EndGlobalSection
	GlobalSection(ExtensibilityGlobals) = postSolution
		SolutionGuid = {436BEB27-AB24-416E-96E3-BAE6A7C63514}
	EndGlobalSection
EndGlobal
